// !$*UTF8*$!
{
	archiveVersion = 1;
	classes = {
	};
	objectVersion = 46;
	objects = {

/* Begin PBXBuildFile section */
		2B691E301D259E2F006A22BD /* AppDelegate.swift in Sources */ = {isa = PBXBuildFile; fileRef = 2B691E2F1D259E2F006A22BD /* AppDelegate.swift */; };
		2B691E351D259E2F006A22BD /* Main.storyboard in Resources */ = {isa = PBXBuildFile; fileRef = 2B691E331D259E2F006A22BD /* Main.storyboard */; };
		2B691E371D259E2F006A22BD /* Assets.xcassets in Resources */ = {isa = PBXBuildFile; fileRef = 2B691E361D259E2F006A22BD /* Assets.xcassets */; };
		2B691E3A1D259E2F006A22BD /* LaunchScreen.storyboard in Resources */ = {isa = PBXBuildFile; fileRef = 2B691E381D259E2F006A22BD /* LaunchScreen.storyboard */; };
		2BDD30761D4A5B1100D5EB65 /* ReposDataStore.swift in Sources */ = {isa = PBXBuildFile; fileRef = 2BDD30751D4A5B1100D5EB65 /* ReposDataStore.swift */; };
		2BDD30781D4A5B1E00D5EB65 /* GithubAPIClient.swift in Sources */ = {isa = PBXBuildFile; fileRef = 2BDD30771D4A5B1E00D5EB65 /* GithubAPIClient.swift */; };
		2BDD307A1D4A5B2E00D5EB65 /* GithubRepository.swift in Sources */ = {isa = PBXBuildFile; fileRef = 2BDD30791D4A5B2E00D5EB65 /* GithubRepository.swift */; };
		2BDD307C1D4A5B3800D5EB65 /* ReposTableViewController.swift in Sources */ = {isa = PBXBuildFile; fileRef = 2BDD307B1D4A5B3800D5EB65 /* ReposTableViewController.swift */; };
		BB46125B2B5ED2FF85C2DD69 /* Pods_swift_githubRepoSearch_lab.framework in Frameworks */ = {isa = PBXBuildFile; fileRef = 3653A9052D4B6F546E08F2C9 /* Pods_swift_githubRepoSearch_lab.framework */; };
/* End PBXBuildFile section */

/* Begin PBXFileReference section */
		2B691E2C1D259E2F006A22BD /* swift-githubRepoSearch-lab.app */ = {isa = PBXFileReference; explicitFileType = wrapper.application; includeInIndex = 0; path = "swift-githubRepoSearch-lab.app"; sourceTree = BUILT_PRODUCTS_DIR; };
		2B691E2F1D259E2F006A22BD /* AppDelegate.swift */ = {isa = PBXFileReference; lastKnownFileType = sourcecode.swift; path = AppDelegate.swift; sourceTree = "<group>"; };
		2B691E341D259E2F006A22BD /* Base */ = {isa = PBXFileReference; lastKnownFileType = file.storyboard; name = Base; path = Base.lproj/Main.storyboard; sourceTree = "<group>"; };
		2B691E361D259E2F006A22BD /* Assets.xcassets */ = {isa = PBXFileReference; lastKnownFileType = folder.assetcatalog; path = Assets.xcassets; sourceTree = "<group>"; };
		2B691E391D259E2F006A22BD /* Base */ = {isa = PBXFileReference; lastKnownFileType = file.storyboard; name = Base; path = Base.lproj/LaunchScreen.storyboard; sourceTree = "<group>"; };
		2B691E3B1D259E2F006A22BD /* Info.plist */ = {isa = PBXFileReference; lastKnownFileType = text.plist.xml; path = Info.plist; sourceTree = "<group>"; };
		2BDD30751D4A5B1100D5EB65 /* ReposDataStore.swift */ = {isa = PBXFileReference; fileEncoding = 4; lastKnownFileType = sourcecode.swift; path = ReposDataStore.swift; sourceTree = "<group>"; };
		2BDD30771D4A5B1E00D5EB65 /* GithubAPIClient.swift */ = {isa = PBXFileReference; fileEncoding = 4; lastKnownFileType = sourcecode.swift; path = GithubAPIClient.swift; sourceTree = "<group>"; };
		2BDD30791D4A5B2E00D5EB65 /* GithubRepository.swift */ = {isa = PBXFileReference; fileEncoding = 4; lastKnownFileType = sourcecode.swift; path = GithubRepository.swift; sourceTree = "<group>"; };
		2BDD307B1D4A5B3800D5EB65 /* ReposTableViewController.swift */ = {isa = PBXFileReference; fileEncoding = 4; lastKnownFileType = sourcecode.swift; path = ReposTableViewController.swift; sourceTree = "<group>"; };
		3653A9052D4B6F546E08F2C9 /* Pods_swift_githubRepoSearch_lab.framework */ = {isa = PBXFileReference; explicitFileType = wrapper.framework; includeInIndex = 0; path = Pods_swift_githubRepoSearch_lab.framework; sourceTree = BUILT_PRODUCTS_DIR; };
		5D4865B8FCDA08050F0B456F /* Pods_swift_githubRepoSearch_labUITests.framework */ = {isa = PBXFileReference; explicitFileType = wrapper.framework; includeInIndex = 0; path = Pods_swift_githubRepoSearch_labUITests.framework; sourceTree = BUILT_PRODUCTS_DIR; };
		71CD317C0D20FB38C8C7B6FA /* Pods-swift-githubRepoSearch-lab.release.xcconfig */ = {isa = PBXFileReference; includeInIndex = 1; lastKnownFileType = text.xcconfig; name = "Pods-swift-githubRepoSearch-lab.release.xcconfig"; path = "Pods/Target Support Files/Pods-swift-githubRepoSearch-lab/Pods-swift-githubRepoSearch-lab.release.xcconfig"; sourceTree = "<group>"; };
		980620F57E2091FE85A9A761 /* Pods_swift_githubRepoSearch_labTests.framework */ = {isa = PBXFileReference; explicitFileType = wrapper.framework; includeInIndex = 0; path = Pods_swift_githubRepoSearch_labTests.framework; sourceTree = BUILT_PRODUCTS_DIR; };
		F08EAD7A8D4CACE1A8F11D97 /* Pods-swift-githubRepoSearch-lab.debug.xcconfig */ = {isa = PBXFileReference; includeInIndex = 1; lastKnownFileType = text.xcconfig; name = "Pods-swift-githubRepoSearch-lab.debug.xcconfig"; path = "Pods/Target Support Files/Pods-swift-githubRepoSearch-lab/Pods-swift-githubRepoSearch-lab.debug.xcconfig"; sourceTree = "<group>"; };
/* End PBXFileReference section */

/* Begin PBXFrameworksBuildPhase section */
		2B691E291D259E2F006A22BD /* Frameworks */ = {
			isa = PBXFrameworksBuildPhase;
			buildActionMask = 2147483647;
			files = (
				BB46125B2B5ED2FF85C2DD69 /* Pods_swift_githubRepoSearch_lab.framework in Frameworks */,
			);
			runOnlyForDeploymentPostprocessing = 0;
		};
/* End PBXFrameworksBuildPhase section */

/* Begin PBXGroup section */
		2B691E231D259E2F006A22BD = {
			isa = PBXGroup;
			children = (
				2B691E2E1D259E2F006A22BD /* swift-githubRepoSearch-lab */,
				2B691E2D1D259E2F006A22BD /* Products */,
				5AF81832DB6A5202F5BC2936 /* Pods */,
				8D29DC619B5B79EA810612F6 /* Frameworks */,
			);
			sourceTree = "<group>";
		};
		2B691E2D1D259E2F006A22BD /* Products */ = {
			isa = PBXGroup;
			children = (
				2B691E2C1D259E2F006A22BD /* swift-githubRepoSearch-lab.app */,
			);
			name = Products;
			sourceTree = "<group>";
		};
		2B691E2E1D259E2F006A22BD /* swift-githubRepoSearch-lab */ = {
			isa = PBXGroup;
			children = (
				2B691E2F1D259E2F006A22BD /* AppDelegate.swift */,
				2B691E331D259E2F006A22BD /* Main.storyboard */,
				2BDD30751D4A5B1100D5EB65 /* ReposDataStore.swift */,
				2BDD30771D4A5B1E00D5EB65 /* GithubAPIClient.swift */,
				2BDD30791D4A5B2E00D5EB65 /* GithubRepository.swift */,
				2BDD307B1D4A5B3800D5EB65 /* ReposTableViewController.swift */,
				2B691E361D259E2F006A22BD /* Assets.xcassets */,
				2B691E381D259E2F006A22BD /* LaunchScreen.storyboard */,
				2B691E3B1D259E2F006A22BD /* Info.plist */,
			);
			path = "swift-githubRepoSearch-lab";
			sourceTree = "<group>";
		};
		5AF81832DB6A5202F5BC2936 /* Pods */ = {
			isa = PBXGroup;
			children = (
				F08EAD7A8D4CACE1A8F11D97 /* Pods-swift-githubRepoSearch-lab.debug.xcconfig */,
				71CD317C0D20FB38C8C7B6FA /* Pods-swift-githubRepoSearch-lab.release.xcconfig */,
			);
			name = Pods;
			sourceTree = "<group>";
		};
		8D29DC619B5B79EA810612F6 /* Frameworks */ = {
			isa = PBXGroup;
			children = (
				3653A9052D4B6F546E08F2C9 /* Pods_swift_githubRepoSearch_lab.framework */,
				980620F57E2091FE85A9A761 /* Pods_swift_githubRepoSearch_labTests.framework */,
				5D4865B8FCDA08050F0B456F /* Pods_swift_githubRepoSearch_labUITests.framework */,
			);
			name = Frameworks;
			sourceTree = "<group>";
		};
/* End PBXGroup section */

/* Begin PBXNativeTarget section */
		2B691E2B1D259E2F006A22BD /* swift-githubRepoSearch-lab */ = {
			isa = PBXNativeTarget;
			buildConfigurationList = 2B691E541D259E2F006A22BD /* Build configuration list for PBXNativeTarget "swift-githubRepoSearch-lab" */;
			buildPhases = (
				FA9D042E6A2593D4018CFB76 /* [CP] Check Pods Manifest.lock */,
				2B691E281D259E2F006A22BD /* Sources */,
				2B691E291D259E2F006A22BD /* Frameworks */,
				2B691E2A1D259E2F006A22BD /* Resources */,
				1B6C6CD8FE1EB9377AE6F7A7 /* [CP] Embed Pods Frameworks */,
				4E1E1F4ECBD5883234FB5321 /* [CP] Copy Pods Resources */,
			);
			buildRules = (
			);
			dependencies = (
			);
			name = "swift-githubRepoSearch-lab";
			productName = "swift-githubRepoSearch-lab";
			productReference = 2B691E2C1D259E2F006A22BD /* swift-githubRepoSearch-lab.app */;
			productType = "com.apple.product-type.application";
		};
/* End PBXNativeTarget section */

/* Begin PBXProject section */
		2B691E241D259E2F006A22BD /* Project object */ = {
			isa = PBXProject;
			attributes = {
				LastSwiftUpdateCheck = 0730;
				LastUpgradeCheck = 0730;
				ORGANIZATIONNAME = "Flatiron School";
				TargetAttributes = {
					2B691E2B1D259E2F006A22BD = {
						CreatedOnToolsVersion = 7.3;
					};
				};
			};
			buildConfigurationList = 2B691E271D259E2F006A22BD /* Build configuration list for PBXProject "swift-githubRepoSearch-lab" */;
			compatibilityVersion = "Xcode 3.2";
			developmentRegion = English;
			hasScannedForEncodings = 0;
			knownRegions = (
				en,
				Base,
			);
			mainGroup = 2B691E231D259E2F006A22BD;
			productRefGroup = 2B691E2D1D259E2F006A22BD /* Products */;
			projectDirPath = "";
			projectRoot = "";
			targets = (
				2B691E2B1D259E2F006A22BD /* swift-githubRepoSearch-lab */,
			);
		};
/* End PBXProject section */

/* Begin PBXResourcesBuildPhase section */
		2B691E2A1D259E2F006A22BD /* Resources */ = {
			isa = PBXResourcesBuildPhase;
			buildActionMask = 2147483647;
			files = (
				2B691E3A1D259E2F006A22BD /* LaunchScreen.storyboard in Resources */,
				2B691E371D259E2F006A22BD /* Assets.xcassets in Resources */,
				2B691E351D259E2F006A22BD /* Main.storyboard in Resources */,
			);
			runOnlyForDeploymentPostprocessing = 0;
		};
/* End PBXResourcesBuildPhase section */

/* Begin PBXShellScriptBuildPhase section */
		1B6C6CD8FE1EB9377AE6F7A7 /* [CP] Embed Pods Frameworks */ = {
			isa = PBXShellScriptBuildPhase;
			buildActionMask = 2147483647;
			files = (
			);
			inputPaths = (
			);
			name = "[CP] Embed Pods Frameworks";
			outputPaths = (
			);
			runOnlyForDeploymentPostprocessing = 0;
			shellPath = /bin/sh;
			shellScript = "\"${SRCROOT}/Pods/Target Support Files/Pods-swift-githubRepoSearch-lab/Pods-swift-githubRepoSearch-lab-frameworks.sh\"\n";
			showEnvVarsInLog = 0;
		};
		4E1E1F4ECBD5883234FB5321 /* [CP] Copy Pods Resources */ = {
			isa = PBXShellScriptBuildPhase;
			buildActionMask = 2147483647;
			files = (
			);
			inputPaths = (
			);
			name = "[CP] Copy Pods Resources";
			outputPaths = (
			);
			runOnlyForDeploymentPostprocessing = 0;
			shellPath = /bin/sh;
			shellScript = "\"${SRCROOT}/Pods/Target Support Files/Pods-swift-githubRepoSearch-lab/Pods-swift-githubRepoSearch-lab-resources.sh\"\n";
			showEnvVarsInLog = 0;
		};
		FA9D042E6A2593D4018CFB76 /* [CP] Check Pods Manifest.lock */ = {
			isa = PBXShellScriptBuildPhase;
			buildActionMask = 2147483647;
			files = (
			);
			inputPaths = (
			);
			name = "[CP] Check Pods Manifest.lock";
			outputPaths = (
			);
			runOnlyForDeploymentPostprocessing = 0;
			shellPath = /bin/sh;
			shellScript = "diff \"${PODS_ROOT}/../Podfile.lock\" \"${PODS_ROOT}/Manifest.lock\" > /dev/null\nif [[ $? != 0 ]] ; then\n    cat << EOM\nerror: The sandbox is not in sync with the Podfile.lock. Run 'pod install' or update your CocoaPods installation.\nEOM\n    exit 1\nfi\n";
			showEnvVarsInLog = 0;
		};
/* End PBXShellScriptBuildPhase section */

/* Begin PBXSourcesBuildPhase section */
		2B691E281D259E2F006A22BD /* Sources */ = {
			isa = PBXSourcesBuildPhase;
			buildActionMask = 2147483647;
			files = (
				2BDD307A1D4A5B2E00D5EB65 /* GithubRepository.swift in Sources */,
				2B691E301D259E2F006A22BD /* AppDelegate.swift in Sources */,
				2BDD30761D4A5B1100D5EB65 /* ReposDataStore.swift in Sources */,
				2BDD30781D4A5B1E00D5EB65 /* GithubAPIClient.swift in Sources */,
				2BDD307C1D4A5B3800D5EB65 /* ReposTableViewController.swift in Sources */,
			);
			runOnlyForDeploymentPostprocessing = 0;
		};
/* End PBXSourcesBuildPhase section */

/* Begin PBXVariantGroup section */
		2B691E331D259E2F006A22BD /* Main.storyboard */ = {
			isa = PBXVariantGroup;
			children = (
				2B691E341D259E2F006A22BD /* Base */,
			);
			name = Main.storyboard;
			sourceTree = "<group>";
		};
		2B691E381D259E2F006A22BD /* LaunchScreen.storyboard */ = {
			isa = PBXVariantGroup;
			children = (
				2B691E391D259E2F006A22BD /* Base */,
			);
			name = LaunchScreen.storyboard;
			sourceTree = "<group>";
		};
/* End PBXVariantGroup section */

/* Begin XCBuildConfiguration section */
		2B691E521D259E2F006A22BD /* Debug */ = {
			isa = XCBuildConfiguration;
			buildSettings = {
				ALWAYS_SEARCH_USER_PATHS = NO;
				CLANG_ANALYZER_NONNULL = YES;
				CLANG_CXX_LANGUAGE_STANDARD = "gnu++0x";
				CLANG_CXX_LIBRARY = "libc++";
				CLANG_ENABLE_MODULES = YES;
				CLANG_ENABLE_OBJC_ARC = YES;
				CLANG_WARN_BOOL_CONVERSION = YES;
				CLANG_WARN_CONSTANT_CONVERSION = YES;
				CLANG_WARN_DIRECT_OBJC_ISA_USAGE = YES_ERROR;
				CLANG_WARN_EMPTY_BODY = YES;
				CLANG_WARN_ENUM_CONVERSION = YES;
				CLANG_WARN_INT_CONVERSION = YES;
				CLANG_WARN_OBJC_ROOT_CLASS = YES_ERROR;
				CLANG_WARN_UNREACHABLE_CODE = YES;
				CLANG_WARN__DUPLICATE_METHOD_MATCH = YES;
				"CODE_SIGN_IDENTITY[sdk=iphoneos*]" = "iPhone Developer";
				COPY_PHASE_STRIP = NO;
				DEBUG_INFORMATION_FORMAT = dwarf;
				ENABLE_STRICT_OBJC_MSGSEND = YES;
				ENABLE_TESTABILITY = YES;
				GCC_C_LANGUAGE_STANDARD = gnu99;
				GCC_DYNAMIC_NO_PIC = NO;
				GCC_NO_COMMON_BLOCKS = YES;
				GCC_OPTIMIZATION_LEVEL = 0;
				GCC_PREPROCESSOR_DEFINITIONS = (
					"DEBUG=1",
					"$(inherited)",
				);
				GCC_WARN_64_TO_32_BIT_CONVERSION = YES;
				GCC_WARN_ABOUT_RETURN_TYPE = YES_ERROR;
				GCC_WARN_UNDECLARED_SELECTOR = YES;
				GCC_WARN_UNINITIALIZED_AUTOS = YES_AGGRESSIVE;
				GCC_WARN_UNUSED_FUNCTION = YES;
				GCC_WARN_UNUSED_VARIABLE = YES;
				IPHONEOS_DEPLOYMENT_TARGET = 9.3;
				MTL_ENABLE_DEBUG_INFO = YES;
				ONLY_ACTIVE_ARCH = YES;
				SDKROOT = iphoneos;
				SWIFT_OPTIMIZATION_LEVEL = "-Onone";
				TARGETED_DEVICE_FAMILY = "1,2";
			};
			name = Debug;
		};
		2B691E531D259E2F006A22BD /* Release */ = {
			isa = XCBuildConfiguration;
			buildSettings = {
				ALWAYS_SEARCH_USER_PATHS = NO;
				CLANG_ANALYZER_NONNULL = YES;
				CLANG_CXX_LANGUAGE_STANDARD = "gnu++0x";
				CLANG_CXX_LIBRARY = "libc++";
				CLANG_ENABLE_MODULES = YES;
				CLANG_ENABLE_OBJC_ARC = YES;
				CLANG_WARN_BOOL_CONVERSION = YES;
				CLANG_WARN_CONSTANT_CONVERSION = YES;
				CLANG_WARN_DIRECT_OBJC_ISA_USAGE = YES_ERROR;
				CLANG_WARN_EMPTY_BODY = YES;
				CLANG_WARN_ENUM_CONVERSION = YES;
				CLANG_WARN_INT_CONVERSION = YES;
				CLANG_WARN_OBJC_ROOT_CLASS = YES_ERROR;
				CLANG_WARN_UNREACHABLE_CODE = YES;
				CLANG_WARN__DUPLICATE_METHOD_MATCH = YES;
				"CODE_SIGN_IDENTITY[sdk=iphoneos*]" = "iPhone Developer";
				COPY_PHASE_STRIP = NO;
				DEBUG_INFORMATION_FORMAT = "dwarf-with-dsym";
				ENABLE_NS_ASSERTIONS = NO;
				ENABLE_STRICT_OBJC_MSGSEND = YES;
				GCC_C_LANGUAGE_STANDARD = gnu99;
				GCC_NO_COMMON_BLOCKS = YES;
				GCC_WARN_64_TO_32_BIT_CONVERSION = YES;
				GCC_WARN_ABOUT_RETURN_TYPE = YES_ERROR;
				GCC_WARN_UNDECLARED_SELECTOR = YES;
				GCC_WARN_UNINITIALIZED_AUTOS = YES_AGGRESSIVE;
				GCC_WARN_UNUSED_FUNCTION = YES;
				GCC_WARN_UNUSED_VARIABLE = YES;
				IPHONEOS_DEPLOYMENT_TARGET = 9.3;
				MTL_ENABLE_DEBUG_INFO = NO;
				SDKROOT = iphoneos;
				TARGETED_DEVICE_FAMILY = "1,2";
				VALIDATE_PRODUCT = YES;
			};
			name = Release;
		};
		2B691E551D259E2F006A22BD /* Debug */ = {
			isa = XCBuildConfiguration;
			baseConfigurationReference = F08EAD7A8D4CACE1A8F11D97 /* Pods-swift-githubRepoSearch-lab.debug.xcconfig */;
			buildSettings = {
				ASSETCATALOG_COMPILER_APPICON_NAME = AppIcon;
				INFOPLIST_FILE = "swift-githubRepoSearch-lab/Info.plist";
				LD_RUNPATH_SEARCH_PATHS = "$(inherited) @executable_path/Frameworks";
				PRODUCT_BUNDLE_IDENTIFIER = "com.flatironschool.swift-githubRepoSearch-lab";
				PRODUCT_NAME = "$(TARGET_NAME)";
			};
			name = Debug;
		};
		2B691E561D259E2F006A22BD /* Release */ = {
			isa = XCBuildConfiguration;
			baseConfigurationReference = 71CD317C0D20FB38C8C7B6FA /* Pods-swift-githubRepoSearch-lab.release.xcconfig */;
			buildSettings = {
				ASSETCATALOG_COMPILER_APPICON_NAME = AppIcon;
				INFOPLIST_FILE = "swift-githubRepoSearch-lab/Info.plist";
				LD_RUNPATH_SEARCH_PATHS = "$(inherited) @executable_path/Frameworks";
				PRODUCT_BUNDLE_IDENTIFIER = "com.flatironschool.swift-githubRepoSearch-lab";
				PRODUCT_NAME = "$(TARGET_NAME)";
			};
			name = Release;
		};
/* End XCBuildConfiguration section */

/* Begin XCConfigurationList section */
		2B691E271D259E2F006A22BD /* Build configuration list for PBXProject "swift-githubRepoSearch-lab" */ = {
			isa = XCConfigurationList;
			buildConfigurations = (
				2B691E521D259E2F006A22BD /* Debug */,
				2B691E531D259E2F006A22BD /* Release */,
			);
			defaultConfigurationIsVisible = 0;
			defaultConfigurationName = Release;
		};
		2B691E541D259E2F006A22BD /* Build configuration list for PBXNativeTarget "swift-githubRepoSearch-lab" */ = {
			isa = XCConfigurationList;
			buildConfigurations = (
				2B691E551D259E2F006A22BD /* Debug */,
				2B691E561D259E2F006A22BD /* Release */,
			);
			defaultConfigurationIsVisible = 0;
			defaultConfigurationName = Release;
		};
/* End XCConfigurationList section */
	};
	rootObject = 2B691E241D259E2F006A22BD /* Project object */;
}
